
Microsoft Visual Studio Solution File, Format Version 12.00
# Visual Studio Version 16
VisualStudioVersion = 16.0.31911.196
MinimumVisualStudioVersion = 10.0.40219.1
Project("{FAE04EC0-301F-11D3-BF4B-00C04F79EFBC}") = "GrpcServiceTest", "GrpcServiceTest\GrpcServiceTest.csproj", "{8095466A-998C-4F8D-B1A8-68491310FF14}"
EndProject
Global
	GlobalSection(SolutionConfigurationPlatforms) = preSolution
		Debug|Any CPU = Debug|Any CPU
		Release|Any CPU = Release|Any CPU
	EndGlobalSection
	GlobalSection(ProjectConfigurationPlatforms) = postSolution
		{8095466A-998C-4F8D-B1A8-68491310FF14}.Debug|Any CPU.ActiveCfg = Debug|Any CPU
		{8095466A-998C-4F8D-B1A8-68491310FF14}.Debug|Any CPU.Build.0 = Debug|Any CPU
		{8095466A-998C-4F8D-B1A8-68491310FF14}.Release|Any CPU.ActiveCfg = Release|Any CPU
		{8095466A-998C-4F8D-B1A8-68491310FF14}.Release|Any CPU.Build.0 = Release|Any CPU
	EndGlobalSection
	GlobalSection(SolutionProperties) = preSolution
		HideSolutionNode = FALSE
	EndGlobalSection
	GlobalSection(ExtensibilityGlobals) = postSolution
		SolutionGuid = {97E870E7-A868-4936-AB5C-3A1CE2E79E3A}
	EndGlobalSection
EndGlobal
